// !$*UTF8*$!
{
	archiveVersion = 1;
	classes = {
	};
	objectVersion = 56;
	objects = {

/* Begin PBXBuildFile section */
		02E9FAF729E084D6003836F9 /* WebPageApp.swift in Sources */ = {isa = PBXBuildFile; fileRef = 02E9FAF629E084D6003836F9 /* WebPageApp.swift */; };
		02E9FAF929E084D6003836F9 /* ContentView.swift in Sources */ = {isa = PBXBuildFile; fileRef = 02E9FAF829E084D6003836F9 /* ContentView.swift */; };
		02E9FAFB29E084D9003836F9 /* Assets.xcassets in Resources */ = {isa = PBXBuildFile; fileRef = 02E9FAFA29E084D9003836F9 /* Assets.xcassets */; };
		02E9FAFE29E084D9003836F9 /* Preview Assets.xcassets in Resources */ = {isa = PBXBuildFile; fileRef = 02E9FAFD29E084D9003836F9 /* Preview Assets.xcassets */; };
		02E9FB0529E08C7D003836F9 /* Constants.swift in Sources */ = {isa = PBXBuildFile; fileRef = 02E9FB0429E08C7D003836F9 /* Constants.swift */; };
		02EAE6EC29E0A65200C49CC8 /* SafariServiceModeView.swift in Sources */ = {isa = PBXBuildFile; fileRef = 02EAE6EB29E0A65200C49CC8 /* SafariServiceModeView.swift */; };
		02EAE6EE29E0B0BA00C49CC8 /* WebKitView.swift in Sources */ = {isa = PBXBuildFile; fileRef = 02EAE6ED29E0B0BA00C49CC8 /* WebKitView.swift */; };
		02EAE6F029E0B9D900C49CC8 /* BottomSheetView.swift in Sources */ = {isa = PBXBuildFile; fileRef = 02EAE6EF29E0B9D900C49CC8 /* BottomSheetView.swift */; };
/* End PBXBuildFile section */

/* Begin PBXFileReference section */
		02E9FAF329E084D6003836F9 /* WebPage.app */ = {isa = PBXFileReference; explicitFileType = wrapper.application; includeInIndex = 0; path = WebPage.app; sourceTree = BUILT_PRODUCTS_DIR; };
		02E9FAF629E084D6003836F9 /* WebPageApp.swift */ = {isa = PBXFileReference; lastKnownFileType = sourcecode.swift; path = WebPageApp.swift; sourceTree = "<group>"; };
		02E9FAF829E084D6003836F9 /* ContentView.swift */ = {isa = PBXFileReference; lastKnownFileType = sourcecode.swift; path = ContentView.swift; sourceTree = "<group>"; };
		02E9FAFA29E084D9003836F9 /* Assets.xcassets */ = {isa = PBXFileReference; lastKnownFileType = folder.assetcatalog; path = Assets.xcassets; sourceTree = "<group>"; };
		02E9FAFD29E084D9003836F9 /* Preview Assets.xcassets */ = {isa = PBXFileReference; lastKnownFileType = folder.assetcatalog; path = "Preview Assets.xcassets"; sourceTree = "<group>"; };
		02E9FB0429E08C7D003836F9 /* Constants.swift */ = {isa = PBXFileReference; lastKnownFileType = sourcecode.swift; path = Constants.swift; sourceTree = "<group>"; };
		02EAE6EB29E0A65200C49CC8 /* SafariServiceModeView.swift */ = {isa = PBXFileReference; lastKnownFileType = sourcecode.swift; path = SafariServiceModeView.swift; sourceTree = "<group>"; };
		02EAE6ED29E0B0BA00C49CC8 /* WebKitView.swift */ = {isa = PBXFileReference; lastKnownFileType = sourcecode.swift; path = WebKitView.swift; sourceTree = "<group>"; };
		02EAE6EF29E0B9D900C49CC8 /* BottomSheetView.swift */ = {isa = PBXFileReference; lastKnownFileType = sourcecode.swift; path = BottomSheetView.swift; sourceTree = "<group>"; };
/* End PBXFileReference section */

/* Begin PBXFrameworksBuildPhase section */
		02E9FAF029E084D6003836F9 /* Frameworks */ = {
			isa = PBXFrameworksBuildPhase;
			buildActionMask = 2147483647;
			files = (
			);
			runOnlyForDeploymentPostprocessing = 0;
		};
/* End PBXFrameworksBuildPhase section */

/* Begin PBXGroup section */
		02E9FAEA29E084D6003836F9 = {
			isa = PBXGroup;
			children = (
				02E9FAF529E084D6003836F9 /* WebPage */,
				02E9FAF429E084D6003836F9 /* Products */,
			);
			sourceTree = "<group>";
		};
		02E9FAF429E084D6003836F9 /* Products */ = {
			isa = PBXGroup;
			children = (
				02E9FAF329E084D6003836F9 /* WebPage.app */,
			);
			name = Products;
			sourceTree = "<group>";
		};
		02E9FAF529E084D6003836F9 /* WebPage */ = {
			isa = PBXGroup;
			children = (
				02E9FAF629E084D6003836F9 /* WebPageApp.swift */,
				02E9FAF829E084D6003836F9 /* ContentView.swift */,
				02E9FAFA29E084D9003836F9 /* Assets.xcassets */,
				02E9FAFC29E084D9003836F9 /* Preview Content */,
				02E9FB0429E08C7D003836F9 /* Constants.swift */,
				02EAE6EB29E0A65200C49CC8 /* SafariServiceModeView.swift */,
				02EAE6ED29E0B0BA00C49CC8 /* WebKitView.swift */,
				02EAE6EF29E0B9D900C49CC8 /* BottomSheetView.swift */,
			);
			path = WebPage;
			sourceTree = "<group>";
		};
		02E9FAFC29E084D9003836F9 /* Preview Content */ = {
			isa = PBXGroup;
			children = (
				02E9FAFD29E084D9003836F9 /* Preview Assets.xcassets */,
			);
			path = "Preview Content";
			sourceTree = "<group>";
		};
/* End PBXGroup section */

/* Begin PBXNativeTarget section */
		02E9FAF229E084D6003836F9 /* WebPage */ = {
			isa = PBXNativeTarget;
			buildConfigurationList = 02E9FB0129E084D9003836F9 /* Build configuration list for PBXNativeTarget "WebPage" */;
			buildPhases = (
				02E9FAEF29E084D6003836F9 /* Sources */,
				02E9FAF029E084D6003836F9 /* Frameworks */,
				02E9FAF129E084D6003836F9 /* Resources */,
			);
			buildRules = (
			);
			dependencies = (
			);
			name = WebPage;
			productName = WebPage;
			productReference = 02E9FAF329E084D6003836F9 /* WebPage.app */;
			productType = "com.apple.product-type.application";
		};
/* End PBXNativeTarget section */

/* Begin PBXProject section */
		02E9FAEB29E084D6003836F9 /* Project object */ = {
			isa = PBXProject;
			attributes = {
				BuildIndependentTargetsInParallel = 1;
				LastSwiftUpdateCheck = 1420;
				LastUpgradeCheck = 1420;
				TargetAttributes = {
					02E9FAF229E084D6003836F9 = {
						CreatedOnToolsVersion = 14.2;
					};
				};
			};
			buildConfigurationList = 02E9FAEE29E084D6003836F9 /* Build configuration list for PBXProject "WebPage" */;
			compatibilityVersion = "Xcode 14.0";
			developmentRegion = en;
			hasScannedForEncodings = 0;
			knownRegions = (
				en,
				Base,
			);
			mainGroup = 02E9FAEA29E084D6003836F9;
			productRefGroup = 02E9FAF429E084D6003836F9 /* Products */;
			projectDirPath = "";
			projectRoot = "";
			targets = (
				02E9FAF229E084D6003836F9 /* WebPage */,
			);
		};
/* End PBXProject section */

/* Begin PBXResourcesBuildPhase section */
		02E9FAF129E084D6003836F9 /* Resources */ = {
			isa = PBXResourcesBuildPhase;
			buildActionMask = 2147483647;
			files = (
				02E9FAFE29E084D9003836F9 /* Preview Assets.xcassets in Resources */,
				02E9FAFB29E084D9003836F9 /* Assets.xcassets in Resources */,
			);
			runOnlyForDeploymentPostprocessing = 0;
		};
/* End PBXResourcesBuildPhase section */

/* Begin PBXSourcesBuildPhase section */
		02E9FAEF29E084D6003836F9 /* Sources */ = {
			isa = PBXSourcesBuildPhase;
			buildActionMask = 2147483647;
			files = (
				02E9FAF929E084D6003836F9 /* ContentView.swift in Sources */,
				02EAE6EE29E0B0BA00C49CC8 /* WebKitView.swift in Sources */,
				02E9FAF729E084D6003836F9 /* WebPageApp.swift in Sources */,
				02EAE6EC29E0A65200C49CC8 /* SafariServiceModeView.swift in Sources */,
				02E9FB0529E08C7D003836F9 /* Constants.swift in Sources */,
				02EAE6F029E0B9D900C49CC8 /* BottomSheetView.swift in Sources */,
			);
			runOnlyForDeploymentPostprocessing = 0;
		};
/* End PBXSourcesBuildPhase section */

/* Begin XCBuildConfiguration section */
		02E9FAFF29E084D9003836F9 /* Debug */ = {
			isa = XCBuildConfiguration;
			buildSettings = {
				ALWAYS_SEARCH_USER_PATHS = NO;
				CLANG_ANALYZER_NONNULL = YES;
				CLANG_ANALYZER_NUMBER_OBJECT_CONVERSION = YES_AGGRESSIVE;
				CLANG_CXX_LANGUAGE_STANDARD = "gnu++20";
				CLANG_ENABLE_MODULES = YES;
				CLANG_ENABLE_OBJC_ARC = YES;
				CLANG_ENABLE_OBJC_WEAK = YES;
				CLANG_WARN_BLOCK_CAPTURE_AUTORELEASING = YES;
				CLANG_WARN_BOOL_CONVERSION = YES;
				CLANG_WARN_COMMA = YES;
				CLANG_WARN_CONSTANT_CONVERSION = YES;
				CLANG_WARN_DEPRECATED_OBJC_IMPLEMENTATIONS = YES;
				CLANG_WARN_DIRECT_OBJC_ISA_USAGE = YES_ERROR;
				CLANG_WARN_DOCUMENTATION_COMMENTS = YES;
				CLANG_WARN_EMPTY_BODY = YES;
				CLANG_WARN_ENUM_CONVERSION = YES;
				CLANG_WARN_INFINITE_RECURSION = YES;
				CLANG_WARN_INT_CONVERSION = YES;
				CLANG_WARN_NON_LITERAL_NULL_CONVERSION = YES;
				CLANG_WARN_OBJC_IMPLICIT_RETAIN_SELF = YES;
				CLANG_WARN_OBJC_LITERAL_CONVERSION = YES;
				CLANG_WARN_OBJC_ROOT_CLASS = YES_ERROR;
				CLANG_WARN_QUOTED_INCLUDE_IN_FRAMEWORK_HEADER = YES;
				CLANG_WARN_RANGE_LOOP_ANALYSIS = YES;
				CLANG_WARN_STRICT_PROTOTYPES = YES;
				CLANG_WARN_SUSPICIOUS_MOVE = YES;
				CLANG_WARN_UNGUARDED_AVAILABILITY = YES_AGGRESSIVE;
				CLANG_WARN_UNREACHABLE_CODE = YES;
				CLANG_WARN__DUPLICATE_METHOD_MATCH = YES;
				COPY_PHASE_STRIP = NO;
				DEBUG_INFORMATION_FORMAT = dwarf;
				ENABLE_STRICT_OBJC_MSGSEND = YES;
				ENABLE_TESTABILITY = YES;
				GCC_C_LANGUAGE_STANDARD = gnu11;
				GCC_DYNAMIC_NO_PIC = NO;
				GCC_NO_COMMON_BLOCKS = YES;
				GCC_OPTIMIZATION_LEVEL = 0;
				GCC_PREPROCESSOR_DEFINITIONS = (
					"DEBUG=1",
					"$(inherited)",
				);
				GCC_WARN_64_TO_32_BIT_CONVERSION = YES;
				GCC_WARN_ABOUT_RETURN_TYPE = YES_ERROR;
				GCC_WARN_UNDECLARED_SELECTOR = YES;
				GCC_WARN_UNINITIALIZED_AUTOS = YES_AGGRESSIVE;
				GCC_WARN_UNUSED_FUNCTION = YES;
				GCC_WARN_UNUSED_VARIABLE = YES;
				IPHONEOS_DEPLOYMENT_TARGET = 16.2;
				MTL_ENABLE_DEBUG_INFO = INCLUDE_SOURCE;
				MTL_FAST_MATH = YES;
				ONLY_ACTIVE_ARCH = YES;
				SDKROOT = iphoneos;
				SWIFT_ACTIVE_COMPILATION_CONDITIONS = DEBUG;
				SWIFT_OPTIMIZATION_LEVEL = "-Onone";
			};
			name = Debug;
		};
		02E9FB0029E084D9003836F9 /* Release */ = {
			isa = XCBuildConfiguration;
			buildSettings = {
				ALWAYS_SEARCH_USER_PATHS = NO;
				CLANG_ANALYZER_NONNULL = YES;
				CLANG_ANALYZER_NUMBER_OBJECT_CONVERSION = YES_AGGRESSIVE;
				CLANG_CXX_LANGUAGE_STANDARD = "gnu++20";
				CLANG_ENABLE_MODULES = YES;
				CLANG_ENABLE_OBJC_ARC = YES;
				CLANG_ENABLE_OBJC_WEAK = YES;
				CLANG_WARN_BLOCK_CAPTURE_AUTORELEASING = YES;
				CLANG_WARN_BOOL_CONVERSION = YES;
				CLANG_WARN_COMMA = YES;
				CLANG_WARN_CONSTANT_CONVERSION = YES;
				CLANG_WARN_DEPRECATED_OBJC_IMPLEMENTATIONS = YES;
				CLANG_WARN_DIRECT_OBJC_ISA_USAGE = YES_ERROR;
				CLANG_WARN_DOCUMENTATION_COMMENTS = YES;
				CLANG_WARN_EMPTY_BODY = YES;
				CLANG_WARN_ENUM_CONVERSION = YES;
				CLANG_WARN_INFINITE_RECURSION = YES;
				CLANG_WARN_INT_CONVERSION = YES;
				CLANG_WARN_NON_LITERAL_NULL_CONVERSION = YES;
				CLANG_WARN_OBJC_IMPLICIT_RETAIN_SELF = YES;
				CLANG_WARN_OBJC_LITERAL_CONVERSION = YES;
				CLANG_WARN_OBJC_ROOT_CLASS = YES_ERROR;
				CLANG_WARN_QUOTED_INCLUDE_IN_FRAMEWORK_HEADER = YES;
				CLANG_WARN_RANGE_LOOP_ANALYSIS = YES;
				CLANG_WARN_STRICT_PROTOTYPES = YES;
				CLANG_WARN_SUSPICIOUS_MOVE = YES;
				CLANG_WARN_UNGUARDED_AVAILABILITY = YES_AGGRESSIVE;
				CLANG_WARN_UNREACHABLE_CODE = YES;
				CLANG_WARN__DUPLICATE_METHOD_MATCH = YES;
				COPY_PHASE_STRIP = NO;
				DEBUG_INFORMATION_FORMAT = "dwarf-with-dsym";
				ENABLE_NS_ASSERTIONS = NO;
				ENABLE_STRICT_OBJC_MSGSEND = YES;
				GCC_C_LANGUAGE_STANDARD = gnu11;
				GCC_NO_COMMON_BLOCKS = YES;
				GCC_WARN_64_TO_32_BIT_CONVERSION = YES;
				GCC_WARN_ABOUT_RETURN_TYPE = YES_ERROR;
				GCC_WARN_UNDECLARED_SELECTOR = YES;
				GCC_WARN_UNINITIALIZED_AUTOS = YES_AGGRESSIVE;
				GCC_WARN_UNUSED_FUNCTION = YES;
				GCC_WARN_UNUSED_VARIABLE = YES;
				IPHONEOS_DEPLOYMENT_TARGET = 16.2;
				MTL_ENABLE_DEBUG_INFO = NO;
				MTL_FAST_MATH = YES;
				SDKROOT = iphoneos;
				SWIFT_COMPILATION_MODE = wholemodule;
				SWIFT_OPTIMIZATION_LEVEL = "-O";
				VALIDATE_PRODUCT = YES;
			};
			name = Release;
		};
		02E9FB0229E084D9003836F9 /* Debug */ = {
			isa = XCBuildConfiguration;
			buildSettings = {
				ASSETCATALOG_COMPILER_APPICON_NAME = AppIcon;
				ASSETCATALOG_COMPILER_GLOBAL_ACCENT_COLOR_NAME = AccentColor;
				CODE_SIGN_STYLE = Automatic;
				CURRENT_PROJECT_VERSION = 1;
				DEVELOPMENT_ASSET_PATHS = "\"WebPage/Preview Content\"";
				DEVELOPMENT_TEAM = TFGQTYMVM3;
				ENABLE_PREVIEWS = YES;
				GENERATE_INFOPLIST_FILE = YES;
				INFOPLIST_KEY_UIApplicationSceneManifest_Generation = YES;
				INFOPLIST_KEY_UIApplicationSupportsIndirectInputEvents = YES;
				INFOPLIST_KEY_UILaunchScreen_Generation = YES;
				INFOPLIST_KEY_UISupportedInterfaceOrientations_iPad = "UIInterfaceOrientationPortrait UIInterfaceOrientationPortraitUpsideDown UIInterfaceOrientationLandscapeLeft UIInterfaceOrientationLandscapeRight";
				INFOPLIST_KEY_UISupportedInterfaceOrientations_iPhone = "UIInterfaceOrientationPortrait UIInterfaceOrientationLandscapeLeft UIInterfaceOrientationLandscapeRight";
				LD_RUNPATH_SEARCH_PATHS = (
					"$(inherited)",
					"@executable_path/Frameworks",
				);
				MARKETING_VERSION = 1.0;
				PRODUCT_BUNDLE_IDENTIFIER = com.froy.WebPage;
				PRODUCT_NAME = "$(TARGET_NAME)";
				SWIFT_EMIT_LOC_STRINGS = YES;
				SWIFT_VERSION = 5.0;
				TARGETED_DEVICE_FAMILY = "1,2";
			};
			name = Debug;
		};
		02E9FB0329E084D9003836F9 /* Release */ = {
			isa = XCBuildConfiguration;
			buildSettings = {
				ASSETCATALOG_COMPILER_APPICON_NAME = AppIcon;
				ASSETCATALOG_COMPILER_GLOBAL_ACCENT_COLOR_NAME = AccentColor;
				CODE_SIGN_STYLE = Automatic;
				CURRENT_PROJECT_VERSION = 1;
				DEVELOPMENT_ASSET_PATHS = "\"WebPage/Preview Content\"";
				DEVELOPMENT_TEAM = TFGQTYMVM3;
				ENABLE_PREVIEWS = YES;
				GENERATE_INFOPLIST_FILE = YES;
				INFOPLIST_KEY_UIApplicationSceneManifest_Generation = YES;
				INFOPLIST_KEY_UIApplicationSupportsIndirectInputEvents = YES;
				INFOPLIST_KEY_UILaunchScreen_Generation = YES;
				INFOPLIST_KEY_UISupportedInterfaceOrientations_iPad = "UIInterfaceOrientationPortrait UIInterfaceOrientationPortraitUpsideDown UIInterfaceOrientationLandscapeLeft UIInterfaceOrientationLandscapeRight";
				INFOPLIST_KEY_UISupportedInterfaceOrientations_iPhone = "UIInterfaceOrientationPortrait UIInterfaceOrientationLandscapeLeft UIInterfaceOrientationLandscapeRight";
				LD_RUNPATH_SEARCH_PATHS = (
					"$(inherited)",
					"@executable_path/Frameworks",
				);
				MARKETING_VERSION = 1.0;
				PRODUCT_BUNDLE_IDENTIFIER = com.froy.WebPage;
				PRODUCT_NAME = "$(TARGET_NAME)";
				SWIFT_EMIT_LOC_STRINGS = YES;
				SWIFT_VERSION = 5.0;
				TARGETED_DEVICE_FAMILY = "1,2";
			};
			name = Release;
		};
/* End XCBuildConfiguration section */

/* Begin XCConfigurationList section */
		02E9FAEE29E084D6003836F9 /* Build configuration list for PBXProject "WebPage" */ = {
			isa = XCConfigurationList;
			buildConfigurations = (
				02E9FAFF29E084D9003836F9 /* Debug */,
				02E9FB0029E084D9003836F9 /* Release */,
			);
			defaultConfigurationIsVisible = 0;
			defaultConfigurationName = Release;
		};
		02E9FB0129E084D9003836F9 /* Build configuration list for PBXNativeTarget "WebPage" */ = {
			isa = XCConfigurationList;
			buildConfigurations = (
				02E9FB0229E084D9003836F9 /* Debug */,
				02E9FB0329E084D9003836F9 /* Release */,
			);
			defaultConfigurationIsVisible = 0;
			defaultConfigurationName = Release;
		};
/* End XCConfigurationList section */
	};
	rootObject = 02E9FAEB29E084D6003836F9 /* Project object */;
}
